
Microsoft Visual Studio Solution File, Format Version 12.00
# Visual Studio Version 17
VisualStudioVersion = 17.11.35222.181
MinimumVisualStudioVersion = 10.0.40219.1
Project("{9A19103F-16F7-4668-BE54-9A1E7A4F7556}") = "remote-pokedex", "src\remote-pokedex\remote-pokedex.csproj", "{2FD4E659-08F4-4059-BD6A-36C568D4DB05}"
EndProject
Project("{9A19103F-16F7-4668-BE54-9A1E7A4F7556}") = "remote-pokedex-test", "test\remote-pokedex-test\remote-pokedex-test.csproj", "{53463A59-1597-42BD-AE58-CCDFBD22BC67}"
EndProject
Global
	GlobalSection(SolutionConfigurationPlatforms) = preSolution
		Debug|Any CPU = Debug|Any CPU
		Release|Any CPU = Release|Any CPU
	EndGlobalSection
	GlobalSection(ProjectConfigurationPlatforms) = postSolution
		{2FD4E659-08F4-4059-BD6A-36C568D4DB05}.Debug|Any CPU.ActiveCfg = Debug|Any CPU
		{2FD4E659-08F4-4059-BD6A-36C568D4DB05}.Debug|Any CPU.Build.0 = Debug|Any CPU
		{2FD4E659-08F4-4059-BD6A-36C568D4DB05}.Release|Any CPU.ActiveCfg = Release|Any CPU
		{2FD4E659-08F4-4059-BD6A-36C568D4DB05}.Release|Any CPU.Build.0 = Release|Any CPU
		{53463A59-1597-42BD-AE58-CCDFBD22BC67}.Debug|Any CPU.ActiveCfg = Debug|Any CPU
		{53463A59-1597-42BD-AE58-CCDFBD22BC67}.Debug|Any CPU.Build.0 = Debug|Any CPU
		{53463A59-1597-42BD-AE58-CCDFBD22BC67}.Release|Any CPU.ActiveCfg = Release|Any CPU
		{53463A59-1597-42BD-AE58-CCDFBD22BC67}.Release|Any CPU.Build.0 = Release|Any CPU
	EndGlobalSection
	GlobalSection(SolutionProperties) = preSolution
		HideSolutionNode = FALSE
	EndGlobalSection
	GlobalSection(ExtensibilityGlobals) = postSolution
		SolutionGuid = {EE198856-1B71-4453-9A55-A16A64D93DC8}
	EndGlobalSection
EndGlobal
